// !$*UTF8*$!
{ "archiveVersion" = 1; "classes" = {  }; "objectVersion" = 56; "objects" = { "98E0628A552A2DC21264B72E" = { "isa" = "PBXFileReference"; "lastKnownFileType" = "sourcecode.swift"; "path" = "TopMovies/App/AppStore.swift"; "sourceTree" = "<group>"; }; "DF1364574855DACEB0FD5DB9" = { "isa" = "PBXBuildFile"; "fileRef" = "98E0628A552A2DC21264B72E"; }; "22F179383E2138A8577A765A" = { "isa" = "PBXFileReference"; "lastKnownFileType" = "sourcecode.swift"; "path" = "TopMovies/App/TopMoviesApp.swift"; "sourceTree" = "<group>"; }; "F1121624A25C1E5B1E446D82" = { "isa" = "PBXBuildFile"; "fileRef" = "22F179383E2138A8577A765A"; }; "FABA424262BCB8B9E03932AF" = { "isa" = "PBXFileReference"; "lastKnownFileType" = "sourcecode.swift"; "path" = "TopMovies/Core/DemoCatalog.swift"; "sourceTree" = "<group>"; }; "698BC70F399DFD31CC018F6A" = { "isa" = "PBXBuildFile"; "fileRef" = "FABA424262BCB8B9E03932AF"; }; "42FCD2CB9C742756E9C458A0" = { "isa" = "PBXFileReference"; "lastKnownFileType" = "sourcecode.swift"; "path" = "TopMovies/Core/Models.swift"; "sourceTree" = "<group>"; }; "56FEBF40ED388F152A3BC3A7" = { "isa" = "PBXBuildFile"; "fileRef" = "42FCD2CB9C742756E9C458A0"; }; "A86B2F5EDAA102BC375F0D6B" = { "isa" = "PBXFileReference"; "lastKnownFileType" = "sourcecode.swift"; "path" = "TopMovies/Core/TMDBClient.swift"; "sourceTree" = "<group>"; }; "D2C7972F820C045C8522D610" = { "isa" = "PBXBuildFile"; "fileRef" = "A86B2F5EDAA102BC375F0D6B"; }; "F083C7BA4451E42C6F5A2C83" = { "isa" = "PBXFileReference"; "lastKnownFileType" = "sourcecode.swift"; "path" = "TopMovies/Views/DetailView.swift"; "sourceTree" = "<group>"; }; "2CCFCF1AFD70AB5371A26E52" = { "isa" = "PBXBuildFile"; "fileRef" = "F083C7BA4451E42C6F5A2C83"; }; "BCF19B092068413B34A0F9F7" = { "isa" = "PBXFileReference"; "lastKnownFileType" = "sourcecode.swift"; "path" = "TopMovies/Views/FilterPanel.swift"; "sourceTree" = "<group>"; }; "A104329661D4E5C6754A1E23" = { "isa" = "PBXBuildFile"; "fileRef" = "BCF19B092068413B34A0F9F7"; }; "14917BDF08D7B48B87B3749D" = { "isa" = "PBXFileReference"; "lastKnownFileType" = "sourcecode.swift"; "path" = "TopMovies/Views/PosterView.swift"; "sourceTree" = "<group>"; }; "8CA4C4F6FD38FD74A17AD0A8" = { "isa" = "PBXBuildFile"; "fileRef" = "14917BDF08D7B48B87B3749D"; }; "7A6A22443AFA321572B202F3" = { "isa" = "PBXFileReference"; "lastKnownFileType" = "sourcecode.swift"; "path" = "TopMovies/Views/RootView.swift"; "sourceTree" = "<group>"; }; "73194EF522ED826F0E3A9C82" = { "isa" = "PBXBuildFile"; "fileRef" = "7A6A22443AFA321572B202F3"; }; "A1ABC220EDB537F129BA5F86" = { "isa" = "PBXFileReference"; "lastKnownFileType" = "sourcecode.swift"; "path" = "TopMovies/Views/SettingsView.swift"; "sourceTree" = "<group>"; }; "DF078829C56715117E2463DD" = { "isa" = "PBXBuildFile"; "fileRef" = "A1ABC220EDB537F129BA5F86"; }; "22726CB00C7E6B66D0274D34" = { "isa" = "PBXFileReference"; "lastKnownFileType" = "image.png"; "path" = "TopMovies/Resources/TMDB.png"; "sourceTree" = "<group>"; }; "506350E451E958D3DBFA9036" = { "isa" = "PBXBuildFile"; "fileRef" = "22726CB00C7E6B66D0274D34"; }; "866444320DBA8BB839B50EB4" = { "isa" = "PBXFileReference"; "lastKnownFileType" = "image.icns"; "path" = "TopMovies/Resources/AppIcon.icns"; "sourceTree" = "<group>"; }; "C03889A6A702FFFE670C8965" = { "isa" = "PBXBuildFile"; "fileRef" = "866444320DBA8BB839B50EB4"; }; "38A007151ABE87CC01A5B6E9" = { "isa" = "PBXFileReference"; "explicitFileType" = "wrapper.application"; "includeInIndex" = 0; "path" = "TopMovies.app"; "sourceTree" = "BUILT_PRODUCTS_DIR"; }; "FBDC4F23F93125BBEEAE800C" = { "isa" = "PBXGroup"; "children" = ( "38A007151ABE87CC01A5B6E9", ); "name" = "Products"; "sourceTree" = "<group>"; }; "B28B7AF69320201D1CF206EB" = { "isa" = "PBXGroup"; "children" = ( "98E0628A552A2DC21264B72E", "22F179383E2138A8577A765A", "FABA424262BCB8B9E03932AF", "42FCD2CB9C742756E9C458A0", "A86B2F5EDAA102BC375F0D6B", "F083C7BA4451E42C6F5A2C83", "BCF19B092068413B34A0F9F7", "14917BDF08D7B48B87B3749D", "7A6A22443AFA321572B202F3", "A1ABC220EDB537F129BA5F86", "22726CB00C7E6B66D0274D34", "866444320DBA8BB839B50EB4", "FBDC4F23F93125BBEEAE800C", ); "sourceTree" = "<group>"; }; "BCE16DD0260827ECF338C787" = { "isa" = "PBXSourcesBuildPhase"; "buildActionMask" = 2147483647; "files" = ( "DF1364574855DACEB0FD5DB9", "F1121624A25C1E5B1E446D82", "698BC70F399DFD31CC018F6A", "56FEBF40ED388F152A3BC3A7", "D2C7972F820C045C8522D610", "2CCFCF1AFD70AB5371A26E52", "A104329661D4E5C6754A1E23", "8CA4C4F6FD38FD74A17AD0A8", "73194EF522ED826F0E3A9C82", "DF078829C56715117E2463DD", ); "runOnlyForDeploymentPostprocessing" = 0; }; "0189424A5A60FED329FA868E" = { "isa" = "PBXResourcesBuildPhase"; "buildActionMask" = 2147483647; "files" = ( "506350E451E958D3DBFA9036", "C03889A6A702FFFE670C8965", ); "runOnlyForDeploymentPostprocessing" = 0; }; "7561BFB015D8F536760CB671" = { "isa" = "PBXFrameworksBuildPhase"; "buildActionMask" = 2147483647; "files" = (); "runOnlyForDeploymentPostprocessing" = 0; }; "89E1FD6268CC0F221A2BE178" = { "isa" = "XCBuildConfiguration"; "buildSettings" = { "MACOSX_DEPLOYMENT_TARGET" = "14.0"; "SDKROOT" = "macosx"; "SWIFT_VERSION" = "6.0"; "CLANG_ENABLE_MODULES" = "YES"; "ENABLE_USER_SCRIPT_SANDBOXING" = "YES"; "SWIFT_OPTIMIZATION_LEVEL" = "-Onone"; "DEBUG_INFORMATION_FORMAT" = "dwarf"; "SWIFT_ACTIVE_COMPILATION_CONDITIONS" = "DEBUG"; }; "name" = "Debug"; }; "E6DE6C99132752C914FEF632" = { "isa" = "XCBuildConfiguration"; "buildSettings" = { "MACOSX_DEPLOYMENT_TARGET" = "14.0"; "SDKROOT" = "macosx"; "SWIFT_VERSION" = "6.0"; "CLANG_ENABLE_MODULES" = "YES"; "ENABLE_USER_SCRIPT_SANDBOXING" = "YES"; "SWIFT_OPTIMIZATION_LEVEL" = "-O"; }; "name" = "Release"; }; "862894B703A6DEDF96A9DD6C" = { "isa" = "XCConfigurationList"; "buildConfigurations" = ( "89E1FD6268CC0F221A2BE178", "E6DE6C99132752C914FEF632", ); "defaultConfigurationIsVisible" = 0; "defaultConfigurationName" = "Release"; }; "7082CC0B6FC1282FCEABD07A" = { "isa" = "XCBuildConfiguration"; "buildSettings" = { "PRODUCT_NAME" = "TopMovies"; "PRODUCT_BUNDLE_IDENTIFIER" = "com.topmovies.mac"; "GENERATE_INFOPLIST_FILE" = "YES"; "INFOPLIST_KEY_LSApplicationCategoryType" = "public.app-category.entertainment"; "INFOPLIST_KEY_CFBundleDisplayName" = "TopMovies"; "INFOPLIST_KEY_CFBundleIconFile" = "AppIcon"; "INFOPLIST_KEY_NSHumanReadableCopyright" = "Copyright \u00a9 2026 TopMovies contributors"; "MARKETING_VERSION" = "0.1.0"; "CURRENT_PROJECT_VERSION" = "1"; "CODE_SIGN_STYLE" = "Automatic"; "ENABLE_APP_SANDBOX" = "YES"; "CODE_SIGN_ENTITLEMENTS" = "TopMovies/Resources/TopMovies.entitlements"; "COMBINE_HIDPI_IMAGES" = "YES"; "SWIFT_EMIT_LOC_STRINGS" = "YES"; "INFOPLIST_KEY_CFBundleDevelopmentRegion" = "en"; "SWIFT_OPTIMIZATION_LEVEL" = "-Onone"; "DEBUG_INFORMATION_FORMAT" = "dwarf"; "SWIFT_ACTIVE_COMPILATION_CONDITIONS" = "DEBUG"; }; "name" = "Debug"; }; "639A7CA24D39909E713B47F7" = { "isa" = "XCBuildConfiguration"; "buildSettings" = { "PRODUCT_NAME" = "TopMovies"; "PRODUCT_BUNDLE_IDENTIFIER" = "com.topmovies.mac"; "GENERATE_INFOPLIST_FILE" = "YES"; "INFOPLIST_KEY_LSApplicationCategoryType" = "public.app-category.entertainment"; "INFOPLIST_KEY_CFBundleDisplayName" = "TopMovies"; "INFOPLIST_KEY_CFBundleIconFile" = "AppIcon"; "INFOPLIST_KEY_NSHumanReadableCopyright" = "Copyright \u00a9 2026 TopMovies contributors"; "MARKETING_VERSION" = "0.1.0"; "CURRENT_PROJECT_VERSION" = "1"; "CODE_SIGN_STYLE" = "Automatic"; "ENABLE_APP_SANDBOX" = "YES"; "CODE_SIGN_ENTITLEMENTS" = "TopMovies/Resources/TopMovies.entitlements"; "COMBINE_HIDPI_IMAGES" = "YES"; "SWIFT_EMIT_LOC_STRINGS" = "YES"; "INFOPLIST_KEY_CFBundleDevelopmentRegion" = "en"; "SWIFT_OPTIMIZATION_LEVEL" = "-O"; }; "name" = "Release"; }; "C57128001CE614BF8549D6BB" = { "isa" = "XCConfigurationList"; "buildConfigurations" = ( "7082CC0B6FC1282FCEABD07A", "639A7CA24D39909E713B47F7", ); "defaultConfigurationIsVisible" = 0; "defaultConfigurationName" = "Release"; }; "0E8A3AD980EC179856012B7E" = { "isa" = "PBXNativeTarget"; "buildConfigurationList" = "C57128001CE614BF8549D6BB"; "buildPhases" = ( "BCE16DD0260827ECF338C787", "7561BFB015D8F536760CB671", "0189424A5A60FED329FA868E", ); "buildRules" = (); "dependencies" = (); "name" = "TopMovies"; "productName" = "TopMovies"; "productReference" = "38A007151ABE87CC01A5B6E9"; "productType" = "com.apple.product-type.application"; }; "98F54143AB4E86B28C3AFEE0" = { "isa" = "PBXProject"; "attributes" = { "LastUpgradeCheck" = "2620"; "TargetAttributes" = { "0E8A3AD980EC179856012B7E" = { "CreatedOnToolsVersion" = "26.2"; }; }; }; "buildConfigurationList" = "862894B703A6DEDF96A9DD6C"; "compatibilityVersion" = "Xcode 14.0"; "developmentRegion" = "en"; "hasScannedForEncodings" = 0; "knownRegions" = ( "en", "Base", ); "mainGroup" = "B28B7AF69320201D1CF206EB"; "productRefGroup" = "FBDC4F23F93125BBEEAE800C"; "projectDirPath" = ""; "projectRoot" = ""; "targets" = ( "0E8A3AD980EC179856012B7E", ); }; }; "rootObject" = "98F54143AB4E86B28C3AFEE0"; }
